<Project xmlns="http://schemas.microsoft.com/developer/msbuild/2003">
    <PropertyGroup>
        <ProjectGuid>{C95434F1-B220-4296-93A0-8D327C664263}</ProjectGuid>
        <ProjectVersion>20.4</ProjectVersion>
        <FrameworkType>VCL</FrameworkType>
        <Base>True</Base>
        <Config Condition="'$(Config)'==''">Release</Config>
        <Platform Condition="'$(Platform)'==''">Win64</Platform>
        <TargetedPlatforms>3</TargetedPlatforms>
        <AppType>Application</AppType>
        <MainSource>vclclient.dpr</MainSource>
        <ProjectName Condition="'$(ProjectName)'==''">vclclient</ProjectName>
    </PropertyGroup>
    <PropertyGroup Condition="'$(Config)'=='Base' or '$(Base)'!=''">
        <Base>true</Base>
    </PropertyGroup>
    <PropertyGroup Condition="('$(Platform)'=='Win32' and '$(Base)'=='true') or '$(Base_Win32)'!=''">
        <Base_Win32>true</Base_Win32>
        <CfgParent>Base</CfgParent>
        <Base>true</Base>
    </PropertyGroup>
    <PropertyGroup Condition="('$(Platform)'=='Win64' and '$(Base)'=='true') or '$(Base_Win64)'!=''">
        <Base_Win64>true</Base_Win64>
        <CfgParent>Base</CfgParent>
        <Base>true</Base>
    </PropertyGroup>
    <PropertyGroup Condition="'$(Config)'=='Debug' or '$(Cfg_1)'!=''">
        <Cfg_1>true</Cfg_1>
        <CfgParent>Base</CfgParent>
        <Base>true</Base>
    </PropertyGroup>
    <PropertyGroup Condition="('$(Platform)'=='Win32' and '$(Cfg_1)'=='true') or '$(Cfg_1_Win32)'!=''">
        <Cfg_1_Win32>true</Cfg_1_Win32>
        <CfgParent>Cfg_1</CfgParent>
        <Cfg_1>true</Cfg_1>
        <Base>true</Base>
    </PropertyGroup>
    <PropertyGroup Condition="('$(Platform)'=='Win64' and '$(Cfg_1)'=='true') or '$(Cfg_1_Win64)'!=''">
        <Cfg_1_Win64>true</Cfg_1_Win64>
        <CfgParent>Cfg_1</CfgParent>
        <Cfg_1>true</Cfg_1>
        <Base>true</Base>
    </PropertyGroup>
    <PropertyGroup Condition="'$(Config)'=='Release' or '$(Cfg_2)'!=''">
        <Cfg_2>true</Cfg_2>
        <CfgParent>Base</CfgParent>
        <Base>true</Base>
    </PropertyGroup>
    <PropertyGroup Condition="('$(Platform)'=='Win32' and '$(Cfg_2)'=='true') or '$(Cfg_2_Win32)'!=''">
        <Cfg_2_Win32>true</Cfg_2_Win32>
        <CfgParent>Cfg_2</CfgParent>
        <Cfg_2>true</Cfg_2>
        <Base>true</Base>
    </PropertyGroup>
    <PropertyGroup Condition="('$(Platform)'=='Win64' and '$(Cfg_2)'=='true') or '$(Cfg_2_Win64)'!=''">
        <Cfg_2_Win64>true</Cfg_2_Win64>
        <CfgParent>Cfg_2</CfgParent>
        <Cfg_2>true</Cfg_2>
        <Base>true</Base>
    </PropertyGroup>
    <PropertyGroup Condition="'$(Base)'!=''">
        <DCC_DcuOutput>.\$(Platform)\$(Config)</DCC_DcuOutput>
        <DCC_ExeOutput>..\</DCC_ExeOutput>
        <DCC_E>false</DCC_E>
        <DCC_N>false</DCC_N>
        <DCC_S>false</DCC_S>
        <DCC_F>false</DCC_F>
        <DCC_K>false</DCC_K>
        <DCC_Namespace>System;Xml;Data;Datasnap;Web;Soap;Vcl;Vcl.Imaging;Vcl.Touch;Vcl.Samples;Vcl.Shell;$(DCC_Namespace)</DCC_Namespace>
        <Icon_MainIcon>$(BDS)\bin\delphi_PROJECTICON.ico</Icon_MainIcon>
        <UWP_DelphiLogo44>$(BDS)\bin\Artwork\Windows\UWP\delphi_UwpDefault_44.png</UWP_DelphiLogo44>
        <UWP_DelphiLogo150>$(BDS)\bin\Artwork\Windows\UWP\delphi_UwpDefault_150.png</UWP_DelphiLogo150>
        <SanitizedProjectName>vclclient</SanitizedProjectName>
        <VerInfo_Locale>2052</VerInfo_Locale>
        <VerInfo_Keys>CompanyName=;FileDescription=$(MSBuildProjectName);FileVersion=1.0.0.0;InternalName=;LegalCopyright=;LegalTrademarks=;OriginalFilename=;ProgramID=com.embarcadero.$(MSBuildProjectName);ProductName=$(MSBuildProjectName);ProductVersion=1.0.0.0;Comments=</VerInfo_Keys>
    </PropertyGroup>
    <PropertyGroup Condition="'$(Base_Win32)'!=''">
        <DCC_UsePackage>frFastGridExportLibrary28;FMXfrLanguageTurkish28;FMXfrLanguageHungarian28;vclwinx;DataSnapServer;fcxpTee28;dacvcl280;fmx;PKIEDB28;vclie;DbxCommonDriver;bindengine;IndyIPCommon;VCLRESTComponents;DBXMSSQLDriver;FireDACCommonODBC;emsclient;frLanguageSpanish28;frLanguageSwiss28;appanalytics;IndyProtocols;vclx;frEditorsLibrary28;frLanguageSwedish28;dbxcds;vcledge;fqbFD28;frxe28;fcxc28;frxFD28;FMXfrLanguageDanish28;unidac280;DBXFirebirdDriver;fsDB28;FMXfrxe28;frxADO28;FireDACSqliteDriver;DbxClientDriver;FMXfrLanguageSwedish28;frLanguageDutch28;frLanguageDanish28;soapmidas;TeeUI;dbexpress;iw16tmsgriddedxe14upd;fcx28;frxDBX28;FMXfrLanguageGerman28;fqb28;inet;frLanguageLithuanian28;unidacvcl280;dacfmx280;vcltouch;FMXfcxpd28;indy10sbridge280;frLanguageRussian28;frGraphicsLibrary28;FireDACDBXDriver;FMXfrLanguageRomanian28;fmxdae;MSICS_Rtl;CustomIPTransport;FireDACMSSQLDriver;FMXfrLanguageBrazil228;uniGUI28m;frFDDataLibrary28;IndySystem;frLanguageFarsi28;FMXfrLanguageFrench28;frLanguageSlovak28;frControlsLibrary28;frxQueryBuilder28;FMXfrxADO28;FMXfrLanguageLatvian28;frxIntIOIndy28;frLanguageHebrew28;fqbADO28;ChinaCock;FMXfrxCDS28;vclFireDAC;FireDACCommon;DataSnapServerMidas;FireDACODBCDriver;emsserverresource;unidacfmx280;AVPack;frLanguageArabic28;fqbDBX28;FMXfsTee28;frCoreLibrary28;bindcompdbx;frLanguageCatalon28;frxHTML28;rtl;FireDACMySQLDriver;frLanguageBrazil28;FMXfrLanguageSwiss28;FMXfcxcd28;FMXfrLanguageArabic28;DBXSqliteDriver;frxDBXQueryBuilder28;frLanguageRomanian28;FMXfrLanguageItalian28;DBXSybaseASEDriver;FMXfrLanguageSpanish28;FMXfrLanguageBrazil128;FMXfrLanguageCzech28;vclimg;DataSnapFireDAC;FMXfcxed28;inetdbxpress;FireDAC;xmlrtl;frLanguageItalian28;FMXfsDB28;frxPDF28;FMXfrxDB28;frLanguageCroatian28;dsnap;fsADO28;FireDACDb2Driver;FMXfrxFD28;DBXOracleDriver;FMXfsADO28;DBXInformixDriver;fmxobj;bindcompvclsmp;DataSnapNativeClient;FMXfrLanguageTaiwan28;DatasnapConnectorsFreePascal;FMXfrLanguagePolish28;frLanguageUkrainian28;GYListViewPackage;emshosting;frADODataLibrary28;FireDACCommonDriver;uniGUI28Chart;EhLib280;IndyIPClient;frxTee28;FMXfrLanguageLithuanian28;dac280;bindcompvclwinx;iw16tmsxlsdxe14upd;frLanguageBrazil128;FMXfcxpTeed28;emsedge;bindcompfmx;frLanguageFrench28;FMXfrLanguageCatalon28;inetdb;frxSM28;FireDACASADriver;frLanguageLatvian28;Tee;vclactnband;frxIntIO28;fmxFireDAC;FMXfrx28;FireDACInfxDriver;frLanguageJapanese28;DBXMySQLDriver;frSmartMemo28;frLanguageSerbian28;VclSmp;sbridge280;DataSnapCommon;FMXfrLanguageRussian28;fmxase;FMXfrLanguageSlovene28;frFastGrid28;frx28;FMXfrLanguageHebrew28;DBXOdbcDriver;fsFD28;dbrtl;FMXfrLanguageCroatian28;FireDACOracleDriver;FMXfrLanguageSerbian28;Intraweb_16_D11;TeeDB;FMXfrLanguageIndonesian28;FireDACMSAccDriver;FMXfrLanguageBulgarian28;PasLibVlcPlayer;DataSnapIndy10ServerTransport;frLanguagePortuguese28;fqbSM28;frLanguageBulgarian28;DataSnapConnectors;MiTeC_Common;frLanguagePolish28;vcldsnap;DBXInterBaseDriver;frxDB28;FireDACMongoDBDriver;frLocalizationLibrary28;FMXfrLanguageBrazil28;FMXfrLanguageGreek28;FMXfcxd28;FireDACTDataDriver;FMXfrLocalizationLibrary28;frLanguageTaiwan28;frxReportConverters28;vcldb;uSynEdit_R2024;frLanguageGerman28;IWBootstrap4D11;fs28;frLanguageIndonesian28;FMXfrxTee28;bindcomp;FMXfrLanguageSlovak28;vquery280;IndyCore;RESTBackendComponents;frLanguageBrazil228;fsTee28;FMXfrCoreLibrary28;frxADOQueryBuilder28;FMXfs28;fcxp28;FireDACADSDriver;frLanguageHungarian28;RESTComponents;IndyIPServer;vcl;dsnapxml;adortl;dsnapcon;DataSnapClient;DataSnapProviderClient;GYFMXEX;iw16tmsgriddxe14upd;FMXfrLanguageDutch28;FMXfrLanguageChinese28;FMXfrLanguageFarsi28;uniGUI28VCL;FMXfrLanguagePortuguese28;DBXDb2Driver;FMXfrLanguageUkrainian28;frxcs28;sgcWebSocketsD11;FMXfrLanguageJapanese28;emsclientfiredac;FireDACPgDriver;FireDACDSDriver;EhLibADODataDrivers280;iw16tmsdxe14upd;frLanguageSlovene28;tethering;frDataLibrary28;PKIECtrl28;frxFDQueryBuilder28;frLanguageTurkish28;bindcompvcl;crcontrols280;frLanguageCzech28;frLanguageGreek28;fcxe28;CloudService;DBXSybaseASADriver;FMXfrxDBX28;IWBootstrapD11;XLSSuite6;soaprtl;soapserver;FireDACIBDriver;$(DCC_UsePackage)</DCC_UsePackage>
        <DCC_Namespace>Winapi;System.Win;Data.Win;Datasnap.Win;Web.Win;Soap.Win;Xml.Win;Bde;$(DCC_Namespace)</DCC_Namespace>
        <BT_BuildType>Debug</BT_BuildType>
        <VerInfo_IncludeVerInfo>true</VerInfo_IncludeVerInfo>
        <VerInfo_Keys>CompanyName=;FileDescription=$(MSBuildProjectName);FileVersion=1.0.0.0;InternalName=;LegalCopyright=;LegalTrademarks=;OriginalFilename=;ProgramID=com.embarcadero.$(MSBuildProjectName);ProductName=$(MSBuildProjectName);ProductVersion=1.0.0.0;Comments=</VerInfo_Keys>
        <VerInfo_Locale>1033</VerInfo_Locale>
        <Manifest_File>$(BDS)\bin\default_app.manifest</Manifest_File>
    </PropertyGroup>
    <PropertyGroup Condition="'$(Base_Win64)'!=''">
        <DCC_UsePackage>FMXfrLanguageTurkish28;FMXfrLanguageHungarian28;vclwinx;DataSnapServer;fmx;PKIEDB28;vclie;DbxCommonDriver;bindengine;IndyIPCommon;VCLRESTComponents;DBXMSSQLDriver;FireDACCommonODBC;emsclient;frLanguageSpanish28;frLanguageSwiss28;appanalytics;IndyProtocols;vclx;frLanguageSwedish28;dbxcds;vcledge;FMXfrLanguageDanish28;DBXFirebirdDriver;FireDACSqliteDriver;DbxClientDriver;FMXfrLanguageSwedish28;frLanguageDutch28;frLanguageDanish28;soapmidas;TeeUI;dbexpress;FMXfrLanguageGerman28;inet;frLanguageLithuanian28;vcltouch;frLanguageRussian28;FireDACDBXDriver;FMXfrLanguageRomanian28;fmxdae;CustomIPTransport;FireDACMSSQLDriver;FMXfrLanguageBrazil228;uniGUI28m;IndySystem;frLanguageFarsi28;FMXfrLanguageFrench28;frLanguageSlovak28;FMXfrLanguageLatvian28;frLanguageHebrew28;ChinaCock;vclFireDAC;FireDACCommon;DataSnapServerMidas;FireDACODBCDriver;emsserverresource;frLanguageArabic28;bindcompdbx;frLanguageCatalon28;rtl;FireDACMySQLDriver;frLanguageBrazil28;FMXfrLanguageSwiss28;FMXfrLanguageArabic28;DBXSqliteDriver;frxDBXQueryBuilder28;frLanguageRomanian28;FMXfrLanguageItalian28;DBXSybaseASEDriver;FMXfrLanguageSpanish28;FMXfrLanguageBrazil128;FMXfrLanguageCzech28;vclimg;DataSnapFireDAC;inetdbxpress;FireDAC;xmlrtl;frLanguageItalian28;frLanguageCroatian28;dsnap;FireDACDb2Driver;DBXOracleDriver;DBXInformixDriver;fmxobj;bindcompvclsmp;DataSnapNativeClient;FMXfrLanguageTaiwan28;DatasnapConnectorsFreePascal;FMXfrLanguagePolish28;frLanguageUkrainian28;GYListViewPackage;emshosting;FireDACCommonDriver;uniGUI28Chart;EhLib280;IndyIPClient;FMXfrLanguageLithuanian28;bindcompvclwinx;frLanguageBrazil128;emsedge;bindcompfmx;frLanguageFrench28;FMXfrLanguageCatalon28;inetdb;FireDACASADriver;frLanguageLatvian28;Tee;vclactnband;fmxFireDAC;FireDACInfxDriver;frLanguageJapanese28;DBXMySQLDriver;frLanguageSerbian28;VclSmp;DataSnapCommon;FMXfrLanguageRussian28;fmxase;FMXfrLanguageSlovene28;FMXfrLanguageHebrew28;DBXOdbcDriver;dbrtl;FMXfrLanguageCroatian28;FireDACOracleDriver;FMXfrLanguageSerbian28;TeeDB;FMXfrLanguageIndonesian28;FireDACMSAccDriver;FMXfrLanguageBulgarian28;PasLibVlcPlayer;DataSnapIndy10ServerTransport;frLanguagePortuguese28;frLanguageBulgarian28;DataSnapConnectors;frLanguagePolish28;vcldsnap;DBXInterBaseDriver;FireDACMongoDBDriver;FMXfrLanguageBrazil28;FMXfrLanguageGreek28;FireDACTDataDriver;frLanguageTaiwan28;vcldb;uSynEdit_R2024;frLanguageGerman28;frLanguageIndonesian28;bindcomp;FMXfrLanguageSlovak28;IndyCore;RESTBackendComponents;frLanguageBrazil228;frxADOQueryBuilder28;FireDACADSDriver;frLanguageHungarian28;RESTComponents;IndyIPServer;vcl;dsnapxml;adortl;dsnapcon;DataSnapClient;DataSnapProviderClient;FMXfrLanguageDutch28;FMXfrLanguageChinese28;FMXfrLanguageFarsi28;uniGUI28VCL;FMXfrLanguagePortuguese28;DBXDb2Driver;FMXfrLanguageUkrainian28;sgcWebSocketsD11;FMXfrLanguageJapanese28;emsclientfiredac;FireDACPgDriver;FireDACDSDriver;EhLibADODataDrivers280;frLanguageSlovene28;tethering;PKIECtrl28;frxFDQueryBuilder28;frLanguageTurkish28;bindcompvcl;frLanguageCzech28;frLanguageGreek28;CloudService;DBXSybaseASADriver;soaprtl;soapserver;FireDACIBDriver;$(DCC_UsePackage)</DCC_UsePackage>
        <DCC_Namespace>Winapi;System.Win;Data.Win;Datasnap.Win;Web.Win;Soap.Win;Xml.Win;$(DCC_Namespace)</DCC_Namespace>
        <BT_BuildType>Debug</BT_BuildType>
        <VerInfo_IncludeVerInfo>true</VerInfo_IncludeVerInfo>
        <VerInfo_Locale>1033</VerInfo_Locale>
        <Manifest_File>$(BDS)\bin\default_app.manifest</Manifest_File>
    </PropertyGroup>
    <PropertyGroup Condition="'$(Cfg_1)'!=''">
        <DCC_Define>DEBUG;$(DCC_Define)</DCC_Define>
        <DCC_DebugDCUs>true</DCC_DebugDCUs>
        <DCC_Optimize>false</DCC_Optimize>
        <DCC_GenerateStackFrames>true</DCC_GenerateStackFrames>
        <DCC_DebugInfoInExe>true</DCC_DebugInfoInExe>
        <DCC_RemoteDebug>true</DCC_RemoteDebug>
        <DCC_IntegerOverflowCheck>true</DCC_IntegerOverflowCheck>
        <DCC_RangeChecking>true</DCC_RangeChecking>
    </PropertyGroup>
    <PropertyGroup Condition="'$(Cfg_1_Win32)'!=''">
        <DCC_RemoteDebug>false</DCC_RemoteDebug>
        <AppDPIAwarenessMode>PerMonitorV2</AppDPIAwarenessMode>
        <VerInfo_IncludeVerInfo>true</VerInfo_IncludeVerInfo>
        <VerInfo_Locale>1033</VerInfo_Locale>
    </PropertyGroup>
    <PropertyGroup Condition="'$(Cfg_1_Win64)'!=''">
        <AppDPIAwarenessMode>PerMonitorV2</AppDPIAwarenessMode>
        <VerInfo_IncludeVerInfo>true</VerInfo_IncludeVerInfo>
        <VerInfo_Locale>1033</VerInfo_Locale>
    </PropertyGroup>
    <PropertyGroup Condition="'$(Cfg_2)'!=''">
        <DCC_LocalDebugSymbols>false</DCC_LocalDebugSymbols>
        <DCC_Define>RELEASE;$(DCC_Define)</DCC_Define>
        <DCC_SymbolReferenceInfo>0</DCC_SymbolReferenceInfo>
        <DCC_DebugInformation>0</DCC_DebugInformation>
    </PropertyGroup>
    <PropertyGroup Condition="'$(Cfg_2_Win32)'!=''">
        <AppDPIAwarenessMode>PerMonitorV2</AppDPIAwarenessMode>
    </PropertyGroup>
    <PropertyGroup Condition="'$(Cfg_2_Win64)'!=''">
        <AppDPIAwarenessMode>PerMonitorV2</AppDPIAwarenessMode>
    </PropertyGroup>
    <ItemGroup>
        <DelphiCompile Include="$(MainSource)">
            <MainSource>MainSource</MainSource>
        </DelphiCompile>
        <DCCReference Include="Unit1.pas">
            <Form>Form1</Form>
            <FormType>dfm</FormType>
        </DCCReference>
        <DCCReference Include="..\..\z_api_hubtool_helper.pas"/>
        <DCCReference Include="..\..\z_api_hubtool_import.pas"/>
        <BuildConfiguration Include="Base">
            <Key>Base</Key>
        </BuildConfiguration>
        <BuildConfiguration Include="Debug">
            <Key>Cfg_1</Key>
            <CfgParent>Base</CfgParent>
        </BuildConfiguration>
        <BuildConfiguration Include="Release">
            <Key>Cfg_2</Key>
            <CfgParent>Base</CfgParent>
        </BuildConfiguration>
    </ItemGroup>
    <ProjectExtensions>
        <Borland.Personality>Delphi.Personality.12</Borland.Personality>
        <Borland.ProjectType>Application</Borland.ProjectType>
        <BorlandProject>
            <Delphi.Personality>
                <Source>
                    <Source Name="MainSource">vclclient.dpr</Source>
                </Source>
                <Excluded_Packages>
                    <Excluded_Packages Name="d:\dkongjian\devexpress vcl_24.1.6\library\rs28\win32\bpl\dxRichEditDocumentModelRS28.bpl">ExpressRichEdit Control Document Model by Developer Express Inc.</Excluded_Packages>
                    <Excluded_Packages Name="d:\dkongjian\devexpress vcl_24.1.6\library\rs28\win32\bpl\dxRichEditCoreRS28.bpl">ExpressRichEdit Control Core Library by Developer Express Inc.</Excluded_Packages>
                    <Excluded_Packages Name="d:\dkongjian\devexpress vcl_24.1.6\library\rs28\win32\bpl\cxadoadaptersrs28.bpl">ADO Adapters for ExpressDataController by Developer Express Inc.</Excluded_Packages>
                    <Excluded_Packages Name="d:\dkongjian\devexpress vcl_24.1.6\library\rs28\win32\bpl\cxfiredacadaptersrs28.bpl">FireDAC Adapters for ExpressDataController by Developer Express Inc.</Excluded_Packages>
                    <Excluded_Packages Name="D:\Delphi12.2Update0\Kongjian\PDFium Component Suite for FireMonkey\Delphi11-Win32\Winsoft.FireMonkey.PDFiumP.bpl">File D:\Delphi12.2Update0\Kongjian\PDFium Component Suite for FireMonkey\Delphi11-Win32\Winsoft.FireMonkey.PDFiumP.bpl not found</Excluded_Packages>
                    <Excluded_Packages Name="$(BDSBIN)\dcloffice2k280.bpl">Microsoft Office 2000 Sample Automation Server Wrapper Components</Excluded_Packages>
                    <Excluded_Packages Name="$(BDSBIN)\dclofficexp280.bpl">Microsoft Office XP Sample Automation Server Wrapper Components</Excluded_Packages>
                    <Excluded_Packages Name="d:\dkongjian\devexpress vcl_24.1.6\library\rs28\win32\bpl\cxibxadaptersrs28.bpl">File d:\dkongjian\devexpress vcl_24.1.6\library\rs28\win32\bpl\cxibxadaptersrs28.bpl not found</Excluded_Packages>
                    <Excluded_Packages Name="d:\dkongjian\devexpress vcl_24.1.6\library\rs28\win32\bpl\dclcxlibraryrs28.bpl">Express Cross Platform Library by Developer Express Inc.</Excluded_Packages>
                    <Excluded_Packages Name="d:\dkongjian\devexpress vcl_24.1.6\library\rs28\win32\bpl\dcldxcorers28.bpl">ExpressCore Library by Developer Express Inc.</Excluded_Packages>
                    <Excluded_Packages Name="d:\dkongjian\devexpress vcl_24.1.6\library\rs28\win32\bpl\dcldxhttpindyrequestrs28.bpl">Express Cross Platform Library Indy Request Handler by Developer Express Inc.</Excluded_Packages>
                    <Excluded_Packages Name="d:\dkongjian\devexpress vcl_24.1.6\library\rs28\win32\bpl\dclcxeditorfieldlinkrs28.bpl">ExpressEditors FieldLink by Developer Express Inc.</Excluded_Packages>
                    <Excluded_Packages Name="d:\dkongjian\devexpress vcl_24.1.6\library\rs28\win32\bpl\dcldxservermoders28.bpl">ExpressDataController Server Mode by Developer Express Inc.</Excluded_Packages>
                    <Excluded_Packages Name="d:\dkongjian\devexpress vcl_24.1.6\library\rs28\win32\bpl\dclcxpagecontroldxbarpopupmenurs28.bpl">ExpressPageControl dxBar Popup Menu by Developer Express Inc.</Excluded_Packages>
                    <Excluded_Packages Name="d:\dkongjian\devexpress vcl_24.1.6\library\rs28\win32\bpl\dclcxpivotgridrs28.bpl">ExpressPivotGrid by Developer Express Inc.</Excluded_Packages>
                    <Excluded_Packages Name="d:\dkongjian\devexpress vcl_24.1.6\library\rs28\win32\bpl\dclcxpivotgridchartrs28.bpl">ExpressPivotGrid connection to ExpressQuantumGrid Chart View by Developer Express Inc.</Excluded_Packages>
                    <Excluded_Packages Name="d:\dkongjian\devexpress vcl_24.1.6\library\rs28\win32\bpl\dclcxpivotgridolaprs28.bpl">ExpressPivotGrid OLAP by Developer Express Inc.</Excluded_Packages>
                    <Excluded_Packages Name="d:\dkongjian\devexpress vcl_24.1.6\library\rs28\win32\bpl\dclcxschedulergridrs28.bpl">ExpressScheduler connection to ExpressQuantumGrid by Developer Express Inc.</Excluded_Packages>
                    <Excluded_Packages Name="d:\dkongjian\devexpress vcl_24.1.6\library\rs28\win32\bpl\dclcxschedulerrs28.bpl">ExpressScheduler by Developer Express Inc.</Excluded_Packages>
                    <Excluded_Packages Name="d:\dkongjian\devexpress vcl_24.1.6\library\rs28\win32\bpl\dclcxschedulertreebrowserrs28.bpl">ExpressScheduler tree browser by Developer Express Inc.</Excluded_Packages>
                    <Excluded_Packages Name="d:\dkongjian\devexpress vcl_24.1.6\library\rs28\win32\bpl\dclcxtreelistdxbarpopupmenurs28.bpl">ExpressQuantumTreeList dxBar Built-In Menu by Developer Express Inc.</Excluded_Packages>
                    <Excluded_Packages Name="d:\dkongjian\devexpress vcl_24.1.6\library\rs28\win32\bpl\dclcxtreelistrs28.bpl">ExpressQuantumTreeList by Developer Express Inc.</Excluded_Packages>
                    <Excluded_Packages Name="d:\dkongjian\devexpress vcl_24.1.6\library\rs28\win32\bpl\dclcxverticalgridrs28.bpl">ExpressVerticalGrid by Developer Express Inc.</Excluded_Packages>
                    <Excluded_Packages Name="d:\dkongjian\devexpress vcl_24.1.6\library\rs28\win32\bpl\dcldxadoservermoders28.bpl">ADO Data Source for ExpressDataController Server Mode by Developer Express Inc.</Excluded_Packages>
                    <Excluded_Packages Name="d:\dkongjian\devexpress vcl_24.1.6\library\rs28\win32\bpl\dcldxbardbnavrs28.bpl">ExpressBars DBNavigator by Developer Express Inc.</Excluded_Packages>
                    <Excluded_Packages Name="d:\dkongjian\devexpress vcl_24.1.6\library\rs28\win32\bpl\dcldxbarrs28.bpl">ExpressBars by Developer Express Inc.</Excluded_Packages>
                    <Excluded_Packages Name="d:\dkongjian\devexpress vcl_24.1.6\library\rs28\win32\bpl\dcldxbarextdbitemsrs28.bpl">ExpressBars extended DB items by Developer Express Inc.</Excluded_Packages>
                    <Excluded_Packages Name="d:\dkongjian\devexpress vcl_24.1.6\library\rs28\win32\bpl\dcldxbarextitemsrs28.bpl">ExpressBars extended items by Developer Express Inc.</Excluded_Packages>
                    <Excluded_Packages Name="d:\dkongjian\devexpress vcl_24.1.6\library\rs28\win32\bpl\dcldxdborrs28.bpl">ExpressDBOrgChart by Developer Express Inc.</Excluded_Packages>
                    <Excluded_Packages Name="d:\dkongjian\devexpress vcl_24.1.6\library\rs28\win32\bpl\dcldxorgcrs28.bpl">ExpressOrgChart by Developer Express Inc.</Excluded_Packages>
                    <Excluded_Packages Name="d:\dkongjian\devexpress vcl_24.1.6\library\rs28\win32\bpl\dcldxdbtrrs28.bpl">ExpressDBTree by Developer Express Inc.</Excluded_Packages>
                    <Excluded_Packages Name="d:\dkongjian\devexpress vcl_24.1.6\library\rs28\win32\bpl\dcldxdbxservermoders28.bpl">dbExpress Data Source for ExpressDataController Server Mode by Developer Express Inc.</Excluded_Packages>
                    <Excluded_Packages Name="d:\dkongjian\devexpress vcl_24.1.6\library\rs28\win32\bpl\dcldxfiredacservermoders28.bpl">FireDAC Data Source for ExpressDataController Server Mode by Developer Express Inc.</Excluded_Packages>
                    <Excluded_Packages Name="d:\dkongjian\devexpress vcl_24.1.6\library\rs28\win32\bpl\dcldxdockingrs28.bpl">ExpressDocking Library by Developer Express Inc.</Excluded_Packages>
                    <Excluded_Packages Name="d:\dkongjian\devexpress vcl_24.1.6\library\rs28\win32\bpl\dcldxflowchartrs28.bpl">ExpressFlowChart by Developer Express Inc.</Excluded_Packages>
                    <Excluded_Packages Name="d:\dkongjian\devexpress vcl_24.1.6\library\rs28\win32\bpl\dcldxmdsrs28.bpl">ExpressMemData by Developer Express Inc.</Excluded_Packages>
                    <Excluded_Packages Name="d:\dkongjian\devexpress vcl_24.1.6\library\rs28\win32\bpl\dcldxnavbarrs28.bpl">ExpressNavBar by Developer Express Inc.</Excluded_Packages>
                    <Excluded_Packages Name="d:\dkongjian\devexpress vcl_24.1.6\library\rs28\win32\bpl\dcldxpscorers28.bpl">ExpressPrinting System by Developer Express Inc.</Excluded_Packages>
                    <Excluded_Packages Name="d:\dkongjian\devexpress vcl_24.1.6\library\rs28\win32\bpl\dcldxpscxcommonrs28.bpl">ExpressPrinting System Cross Platform Library by Developer Express Inc.</Excluded_Packages>
                    <Excluded_Packages Name="d:\dkongjian\devexpress vcl_24.1.6\library\rs28\win32\bpl\dcldxpscxextcommonrs28.bpl">ExpressPrinting System Extended Cross Platform Library by Developer Express Inc.</Excluded_Packages>
                    <Excluded_Packages Name="d:\dkongjian\devexpress vcl_24.1.6\library\rs28\win32\bpl\dcldxpscxgridlnkrs28.bpl">ExpressPrinting System ReportLink for ExpressQuantumGrid by Developer Express Inc.</Excluded_Packages>
                    <Excluded_Packages Name="d:\dkongjian\devexpress vcl_24.1.6\library\rs28\win32\bpl\dcldxpsdxlclnkrs28.bpl">ExpressPrinting System ReportLink for ExpressLayoutControl by Developer Express Inc.</Excluded_Packages>
                    <Excluded_Packages Name="d:\dkongjian\devexpress vcl_24.1.6\library\rs28\win32\bpl\dcldxpscxpivotgridlnkrs28.bpl">ExpressPrinting System ReportLink for ExpressPivotGrid by Developer Express Inc.</Excluded_Packages>
                    <Excluded_Packages Name="d:\dkongjian\devexpress vcl_24.1.6\library\rs28\win32\bpl\dcldxpscxschedulerlnkrs28.bpl">ExpressPrinting System ReportLink for ExpressScheduler by Developer Express Inc.</Excluded_Packages>
                    <Excluded_Packages Name="d:\dkongjian\devexpress vcl_24.1.6\library\rs28\win32\bpl\dcldxpscxtllnkrs28.bpl">ExpressPrinting System ReportLink for ExpressQuantumTreeList by Developer Express Inc.</Excluded_Packages>
                    <Excluded_Packages Name="d:\dkongjian\devexpress vcl_24.1.6\library\rs28\win32\bpl\dcldxpscxvgridlnkrs28.bpl">ExpressPrinting System ReportLink for ExpressVerticalGrid by Developer Express Inc.</Excluded_Packages>
                    <Excluded_Packages Name="d:\dkongjian\devexpress vcl_24.1.6\library\rs28\win32\bpl\dcldxpsdxdboclnkrs28.bpl">ExpressPrinting System ReportLinks for ExpressDBOrgChart by Developer Express Inc.</Excluded_Packages>
                    <Excluded_Packages Name="d:\dkongjian\devexpress vcl_24.1.6\library\rs28\win32\bpl\dcldxpsdxdbtvlnkrs28.bpl">ExpressPrinting System ReportLink for ExpressDBTree by Developer Express Inc.</Excluded_Packages>
                    <Excluded_Packages Name="d:\dkongjian\devexpress vcl_24.1.6\library\rs28\win32\bpl\dcldxpsdxfclnkrs28.bpl">ExpressPrinting System ReportLinks for ExpressFlowChart by Developer Express Inc.</Excluded_Packages>
                    <Excluded_Packages Name="d:\dkongjian\devexpress vcl_24.1.6\library\rs28\win32\bpl\dcldxpsdxoclnkrs28.bpl">ExpressPrinting System ReportLinks for ExpressOrgChart by Developer Express Inc.</Excluded_Packages>
                    <Excluded_Packages Name="d:\dkongjian\devexpress vcl_24.1.6\library\rs28\win32\bpl\dcldxpslnksrs28.bpl">ExpressPrinting System ReportLinks (Standard) by Developer Express Inc.</Excluded_Packages>
                    <Excluded_Packages Name="d:\dkongjian\devexpress vcl_24.1.6\library\rs28\win32\bpl\dcldxpsricheditcontrollnkrs28.bpl">ExpressPrinting System ReportLink for ExpressRichEditControl by Developer Express Inc.</Excluded_Packages>
                    <Excluded_Packages Name="d:\dkongjian\devexpress vcl_24.1.6\library\rs28\win32\bpl\dcldxpsprvwadvrs28.bpl">ExpressPrinting System Advanced Preview Window by Developer Express Inc.</Excluded_Packages>
                    <Excluded_Packages Name="d:\dkongjian\devexpress vcl_24.1.6\library\rs28\win32\bpl\dcldxpsprvwribbonrs28.bpl">ExpressPrinting System Ribbon Preview Window by Developer Express Inc.</Excluded_Packages>
                    <Excluded_Packages Name="d:\dkongjian\devexpress vcl_24.1.6\library\rs28\win32\bpl\dcldxribbonrs28.bpl">ExpressBars Ribbon controls by Developer Express Inc.</Excluded_Packages>
                    <Excluded_Packages Name="d:\dkongjian\devexpress vcl_24.1.6\library\rs28\win32\bpl\dcldxskinscorers28.bpl">ExpressSkins Library by Developer Express Inc.</Excluded_Packages>
                    <Excluded_Packages Name="d:\dkongjian\devexpress vcl_24.1.6\library\rs28\win32\bpl\dcldxskinsdesignhelperrs28.bpl">ExpressSkins Library Uses Clause Auto Fill Helper by Developer Express Inc.</Excluded_Packages>
                    <Excluded_Packages Name="d:\dkongjian\devexpress vcl_24.1.6\library\rs28\win32\bpl\dcldxspellcheckerrs28.bpl">ExpressSpellChecker by Developer Express Inc.</Excluded_Packages>
                    <Excluded_Packages Name="d:\dkongjian\devexpress vcl_24.1.6\library\rs28\win32\bpl\dcldxtabbedmdirs28.bpl">ExpressBars Tabbed MDI by Developer Express Inc.</Excluded_Packages>
                    <Excluded_Packages Name="d:\dkongjian\devexpress vcl_24.1.6\library\rs28\win32\bpl\dcldxtrmdrs28.bpl">ExpressTreePrintedDataSet by Developer Express Inc.</Excluded_Packages>
                    <Excluded_Packages Name="d:\dkongjian\devexpress vcl_24.1.6\library\rs28\win32\bpl\dxpscxpcprodrs28.bpl">ExpressPrinting System ContainerProducer for ExpressPageControl by Developer Express Inc.</Excluded_Packages>
                    <Excluded_Packages Name="d:\dkongjian\devexpress vcl_24.1.6\library\rs28\win32\bpl\dclcxgridwizardrs28.bpl">ExpressQuantumGrid Wizard by Developer Express Inc.</Excluded_Packages>
                    <Excluded_Packages Name="d:\dkongjian\devexpress vcl_24.1.6\library\rs28\win32\bpl\dclcxschedulerribbonstyleeventeditorrs28.bpl">ExpressScheduler Ribbon Event Window by Developer Express Inc.</Excluded_Packages>
                    <Excluded_Packages Name="d:\dkongjian\devexpress vcl_24.1.6\library\rs28\win32\bpl\dcldxiconlibraryrs28.bpl">Express Cross Platform Library Icon Library by Developer Express Inc.</Excluded_Packages>
                    <Excluded_Packages Name="d:\dkongjian\devexpress vcl_24.1.6\library\rs28\win32\bpl\dcldxtilecontrolrs28.bpl">ExpressTileControl by Developer Express Inc.</Excluded_Packages>
                    <Excluded_Packages Name="d:\dkongjian\devexpress vcl_24.1.6\library\rs28\win32\bpl\dcldxwizardcontrolrs28.bpl">ExpressWizardControl by Developer Express Inc.</Excluded_Packages>
                    <Excluded_Packages Name="d:\dkongjian\devexpress vcl_24.1.6\library\rs28\win32\bpl\dclcxgridrs28.bpl">ExpressQuantumGrid by Developer Express Inc.</Excluded_Packages>
                    <Excluded_Packages Name="d:\dkongjian\devexpress vcl_24.1.6\library\rs28\win32\bpl\dcldxmapcontrolrs28.bpl">ExpressMapControl by Developer Express Inc.</Excluded_Packages>
                    <Excluded_Packages Name="d:\dkongjian\devexpress vcl_24.1.6\library\rs28\win32\bpl\dcldxgaugecontrolrs28.bpl">ExpressGaugeControl by Developer Express Inc.</Excluded_Packages>
                    <Excluded_Packages Name="d:\dkongjian\devexpress vcl_24.1.6\library\rs28\win32\bpl\dcldxspreadsheetrs28.bpl">ExpressSpreadSheet by Developer Express Inc.</Excluded_Packages>
                    <Excluded_Packages Name="d:\dkongjian\devexpress vcl_24.1.6\library\rs28\win32\bpl\dcldxpsdxspreadsheetlnkrs28.bpl">ExpressPrinting System ReportLink for ExpressSpreadSheet by Developer Express Inc.</Excluded_Packages>
                    <Excluded_Packages Name="d:\dkongjian\devexpress vcl_24.1.6\library\rs28\win32\bpl\dcldxribboncustomizationformrs28.bpl">ExpressBars Ribbon Customization Form by Developer Express Inc.</Excluded_Packages>
                    <Excluded_Packages Name="d:\dkongjian\devexpress vcl_24.1.6\library\rs28\win32\bpl\dcldxpsdxgaugecontrollnkrs28.bpl">ExpressPrinting System ReportLink for ExpressGauge Control by Developer Express Inc.</Excluded_Packages>
                    <Excluded_Packages Name="d:\dkongjian\devexpress vcl_24.1.6\library\rs28\win32\bpl\dcldxricheditcontrolrs28.bpl">ExpressRichEdit Control by Developer Express Inc.</Excluded_Packages>
                    <Excluded_Packages Name="d:\dkongjian\devexpress vcl_24.1.6\library\rs28\win32\bpl\dcldxpsdxmapcontrollnkrs28.bpl">ExpressPrinting System ReportLink for ExpressMap Control by Developer Express Inc.</Excluded_Packages>
                    <Excluded_Packages Name="d:\dkongjian\devexpress vcl_24.1.6\library\rs28\win32\bpl\dcldxspreadsheetconditionalformattingdialogsrs28.bpl">ExpressSpreadSheet Conditional Formatting Dialogs by Developer Express Inc.</Excluded_Packages>
                    <Excluded_Packages Name="d:\dkongjian\devexpress vcl_24.1.6\library\rs28\win32\bpl\dcldxpdfviewerrs28.bpl">ExpressPDFViewer by Developer Express Inc.</Excluded_Packages>
                    <Excluded_Packages Name="d:\dkongjian\devexpress vcl_24.1.6\library\rs28\win32\bpl\dcldxpsdxpdfviewerlnkrs28.bpl">ExpressPrinting System ReportLink for ExpressPDFViewer by Developer Express Inc.</Excluded_Packages>
                    <Excluded_Packages Name="d:\dkongjian\devexpress vcl_24.1.6\library\rs28\win32\bpl\dcldxspreadsheetreportdesignerrs28.bpl">ExpressSpreadSheet Report Designer by Developer Express Inc.</Excluded_Packages>
                    <Excluded_Packages Name="d:\dkongjian\devexpress vcl_24.1.6\library\rs28\win32\bpl\dcldxspreadsheetcoreconditionalformattingdialogsrs28.bpl">ExpressSpreadSheetCore Conditional Formatting Dialogs by Developer Express Inc.</Excluded_Packages>
                    <Excluded_Packages Name="d:\dkongjian\devexpress vcl_24.1.6\library\rs28\win32\bpl\dcldxorgchartadvancedcustomizeformrs28.bpl">ExpressOrgChart Advanced Customization Form by Developer Express Inc.</Excluded_Packages>
                    <Excluded_Packages Name="d:\dkongjian\devexpress vcl_24.1.6\library\rs28\win32\bpl\dcldxflowchartadvancedcustomizeformrs28.bpl">ExpressFlowChart Advanced Customization Form by Developer Express Inc.</Excluded_Packages>
                    <Excluded_Packages Name="d:\dkongjian\devexpress vcl_24.1.6\library\rs28\win32\bpl\dcldxemfrs28.bpl">ExpressEntityMapping Framework by Developer Express Inc.</Excluded_Packages>
                    <Excluded_Packages Name="d:\dkongjian\devexpress vcl_24.1.6\library\rs28\win32\bpl\dcldxadoemfrs28.bpl">ExpressEntityMapping Framework ADO Data Provider by Developer Express Inc.</Excluded_Packages>
                    <Excluded_Packages Name="d:\dkongjian\devexpress vcl_24.1.6\library\rs28\win32\bpl\dcldxfiredacemfrs28.bpl">ExpressEntityMapping Framework FireDAC Data Provider by Developer Express Inc.</Excluded_Packages>
                    <Excluded_Packages Name="d:\dkongjian\devexpress vcl_24.1.6\library\rs28\win32\bpl\dcldxflowchartdesignerrs28.bpl">ExpressFlowChart Designer by Developer Express Inc.</Excluded_Packages>
                    <Excluded_Packages Name="d:\dkongjian\devexpress vcl_24.1.6\library\rs28\win32\bpl\dcldxcloudservicelibraryrs28.bpl">ExpressCloudService Library by Developer Express Inc.</Excluded_Packages>
                    <Excluded_Packages Name="d:\dkongjian\devexpress vcl_24.1.6\library\rs28\win32\bpl\dclcxschedulerwebservicestoragers28.bpl">ExpressScheduler Web Service Storage by Developer Express Inc.</Excluded_Packages>
                    <Excluded_Packages Name="d:\dkongjian\devexpress vcl_24.1.6\library\rs28\win32\bpl\dclcxgridemfrs28.bpl">ExpressEntityMapping Framework Extension for ExpressQuantumGrid by Developer Express Inc.</Excluded_Packages>
                    <Excluded_Packages Name="d:\dkongjian\devexpress vcl_24.1.6\library\rs28\win32\bpl\dclcxgridwizardemfextensionrs28.bpl">ExpressEntityMapping Framework Extension for ExpressQuantumGrid Wizard by Developer Express Inc.</Excluded_Packages>
                    <Excluded_Packages Name="d:\dkongjian\devexpress vcl_24.1.6\library\rs28\win32\bpl\dcldxskinsfluentdesignformwizardrs28.bpl">ExpressSkins Fluent Design Form Wizard by Developer Express Inc.</Excluded_Packages>
                    <Excluded_Packages Name="d:\dkongjian\devexpress vcl_24.1.6\library\rs28\win32\bpl\dcldxganttcontrolrs28.bpl">ExpressGanttControl by Developer Express Inc.</Excluded_Packages>
                    <Excluded_Packages Name="d:\dkongjian\devexpress vcl_24.1.6\library\rs28\win32\bpl\dcldxchartcontrolrs28.bpl">ExpressCharts by Developer Express Inc.</Excluded_Packages>
                </Excluded_Packages>
            </Delphi.Personality>
            <Deployment Version="5">
                <DeployFile LocalName="..\vclclient.exe" Configuration="Debug" Class="ProjectOutput"/>
                <DeployFile LocalName="..\vclclient.rsm" Configuration="Debug" Class="DebugSymbols"/>
                <DeployFile LocalName="Win32\Debug\vclclient.exe" Configuration="Debug" Class="ProjectOutput"/>
                <DeployClass Name="AdditionalDebugSymbols">
                    <Platform Name="iOSSimulator">
                        <Operation>1</Operation>
                    </Platform>
                    <Platform Name="OSX32">
                        <RemoteDir>Contents\MacOS</RemoteDir>
                        <Operation>1</Operation>
                    </Platform>
                    <Platform Name="Win32">
                        <Operation>0</Operation>
                    </Platform>
                </DeployClass>
                <DeployClass Name="AndroidFileProvider">
                    <Platform Name="Android">
                        <RemoteDir>res\xml</RemoteDir>
                        <Operation>1</Operation>
                    </Platform>
                    <Platform Name="Android64">
                        <RemoteDir>res\xml</RemoteDir>
                        <Operation>1</Operation>
                    </Platform>
                </DeployClass>
                <DeployClass Name="AndroidLibnativeArmeabiFile">
                    <Platform Name="Android">
                        <RemoteDir>library\lib\armeabi</RemoteDir>
                        <Operation>1</Operation>
                    </Platform>
                    <Platform Name="Android64">
                        <RemoteDir>library\lib\armeabi</RemoteDir>
                        <Operation>1</Operation>
                    </Platform>
                </DeployClass>
                <DeployClass Name="AndroidLibnativeArmeabiv7aFile">
                    <Platform Name="Android64">
                        <RemoteDir>library\lib\armeabi-v7a</RemoteDir>
                        <Operation>1</Operation>
                    </Platform>
                </DeployClass>
                <DeployClass Name="AndroidLibnativeMipsFile">
                    <Platform Name="Android">
                        <RemoteDir>library\lib\mips</RemoteDir>
                        <Operation>1</Operation>
                    </Platform>
                    <Platform Name="Android64">
                        <RemoteDir>library\lib\mips</RemoteDir>
                        <Operation>1</Operation>
                    </Platform>
                </DeployClass>
                <DeployClass Name="AndroidServiceOutput">
                    <Platform Name="Android">
                        <RemoteDir>library\lib\armeabi-v7a</RemoteDir>
                        <Operation>1</Operation>
                    </Platform>
                    <Platform Name="Android64">
                        <RemoteDir>library\lib\arm64-v8a</RemoteDir>
                        <Operation>1</Operation>
                    </Platform>
                </DeployClass>
                <DeployClass Name="AndroidServiceOutput_Android32">
                    <Platform Name="Android64">
                        <RemoteDir>library\lib\armeabi-v7a</RemoteDir>
                        <Operation>1</Operation>
                    </Platform>
                </DeployClass>
                <DeployClass Name="AndroidSplashImageDef">
                    <Platform Name="Android">
                        <RemoteDir>res\drawable</RemoteDir>
                        <Operation>1</Operation>
                    </Platform>
                    <Platform Name="Android64">
                        <RemoteDir>res\drawable</RemoteDir>
                        <Operation>1</Operation>
                    </Platform>
                </DeployClass>
                <DeployClass Name="AndroidSplashImageDefV21">
                    <Platform Name="Android">
                        <RemoteDir>res\drawable-anydpi-v21</RemoteDir>
                        <Operation>1</Operation>
                    </Platform>
                    <Platform Name="Android64">
                        <RemoteDir>res\drawable-anydpi-v21</RemoteDir>
                        <Operation>1</Operation>
                    </Platform>
                </DeployClass>
                <DeployClass Name="AndroidSplashStyles">
                    <Platform Name="Android">
                        <RemoteDir>res\values</RemoteDir>
                        <Operation>1</Operation>
                    </Platform>
                    <Platform Name="Android64">
                        <RemoteDir>res\values</RemoteDir>
                        <Operation>1</Operation>
                    </Platform>
                </DeployClass>
                <DeployClass Name="AndroidSplashStylesV21">
                    <Platform Name="Android">
                        <RemoteDir>res\values-v21</RemoteDir>
                        <Operation>1</Operation>
                    </Platform>
                    <Platform Name="Android64">
                        <RemoteDir>res\values-v21</RemoteDir>
                        <Operation>1</Operation>
                    </Platform>
                </DeployClass>
                <DeployClass Name="AndroidSplashStylesV31">
                    <Platform Name="Android">
                        <RemoteDir>res\values-v31</RemoteDir>
                        <Operation>1</Operation>
                    </Platform>
                    <Platform Name="Android64">
                        <RemoteDir>res\values-v31</RemoteDir>
                        <Operation>1</Operation>
                    </Platform>
                </DeployClass>
                <DeployClass Name="AndroidSplashStylesV35">
                    <Platform Name="Android">
                        <RemoteDir>res\values-v35</RemoteDir>
                        <Operation>1</Operation>
                    </Platform>
                    <Platform Name="Android64">
                        <RemoteDir>res\values-v35</RemoteDir>
                        <Operation>1</Operation>
                    </Platform>
                </DeployClass>
                <DeployClass Name="Android_AdaptiveIcon">
                    <Platform Name="Android">
                        <RemoteDir>res\drawable-anydpi-v26</RemoteDir>
                        <Operation>1</Operation>
                    </Platform>
                    <Platform Name="Android64">
                        <RemoteDir>res\drawable-anydpi-v26</RemoteDir>
                        <Operation>1</Operation>
                    </Platform>
                </DeployClass>
                <DeployClass Name="Android_AdaptiveIconBackground">
                    <Platform Name="Android">
                        <RemoteDir>res\drawable</RemoteDir>
                        <Operation>1</Operation>
                    </Platform>
                    <Platform Name="Android64">
                        <RemoteDir>res\drawable</RemoteDir>
                        <Operation>1</Operation>
                    </Platform>
                </DeployClass>
                <DeployClass Name="Android_AdaptiveIconForeground">
                    <Platform Name="Android">
                        <RemoteDir>res\drawable</RemoteDir>
                        <Operation>1</Operation>
                    </Platform>
                    <Platform Name="Android64">
                        <RemoteDir>res\drawable</RemoteDir>
                        <Operation>1</Operation>
                    </Platform>
                </DeployClass>
                <DeployClass Name="Android_AdaptiveIconMonochrome">
                    <Platform Name="Android">
                        <RemoteDir>res\drawable</RemoteDir>
                        <Operation>1</Operation>
                    </Platform>
                    <Platform Name="Android64">
                        <RemoteDir>res\drawable</RemoteDir>
                        <Operation>1</Operation>
                    </Platform>
                </DeployClass>
                <DeployClass Name="Android_AdaptiveIconV33">
                    <Platform Name="Android">
                        <RemoteDir>res\drawable-anydpi-v33</RemoteDir>
                        <Operation>1</Operation>
                    </Platform>
                    <Platform Name="Android64">
                        <RemoteDir>res\drawable-anydpi-v33</RemoteDir>
                        <Operation>1</Operation>
                    </Platform>
                </DeployClass>
                <DeployClass Name="Android_Colors">
                    <Platform Name="Android">
                        <RemoteDir>res\values</RemoteDir>
                        <Operation>1</Operation>
                    </Platform>
                    <Platform Name="Android64">
                        <RemoteDir>res\values</RemoteDir>
                        <Operation>1</Operation>
                    </Platform>
                </DeployClass>
                <DeployClass Name="Android_ColorsDark">
                    <Platform Name="Android">
                        <RemoteDir>res\values-night-v21</RemoteDir>
                        <Operation>1</Operation>
                    </Platform>
                    <Platform Name="Android64">
                        <RemoteDir>res\values-night-v21</RemoteDir>
                        <Operation>1</Operation>
                    </Platform>
                </DeployClass>
                <DeployClass Name="Android_DefaultAppIcon">
                    <Platform Name="Android">
                        <RemoteDir>res\drawable</RemoteDir>
                        <Operation>1</Operation>
                    </Platform>
                    <Platform Name="Android64">
                        <RemoteDir>res\drawable</RemoteDir>
                        <Operation>1</Operation>
                    </Platform>
                </DeployClass>
                <DeployClass Name="Android_LauncherIcon144">
                    <Platform Name="Android">
                        <RemoteDir>res\drawable-xxhdpi</RemoteDir>
                        <Operation>1</Operation>
                    </Platform>
                    <Platform Name="Android64">
                        <RemoteDir>res\drawable-xxhdpi</RemoteDir>
                        <Operation>1</Operation>
                    </Platform>
                </DeployClass>
                <DeployClass Name="Android_LauncherIcon192">
                    <Platform Name="Android">
                        <RemoteDir>res\drawable-xxxhdpi</RemoteDir>
                        <Operation>1</Operation>
                    </Platform>
                    <Platform Name="Android64">
                        <RemoteDir>res\drawable-xxxhdpi</RemoteDir>
                        <Operation>1</Operation>
                    </Platform>
                </DeployClass>
                <DeployClass Name="Android_LauncherIcon36">
                    <Platform Name="Android">
                        <RemoteDir>res\drawable-ldpi</RemoteDir>
                        <Operation>1</Operation>
                    </Platform>
                    <Platform Name="Android64">
                        <RemoteDir>res\drawable-ldpi</RemoteDir>
                        <Operation>1</Operation>
                    </Platform>
                </DeployClass>
                <DeployClass Name="Android_LauncherIcon48">
                    <Platform Name="Android">
                        <RemoteDir>res\drawable-mdpi</RemoteDir>
                        <Operation>1</Operation>
                    </Platform>
                    <Platform Name="Android64">
                        <RemoteDir>res\drawable-mdpi</RemoteDir>
                        <Operation>1</Operation>
                    </Platform>
                </DeployClass>
                <DeployClass Name="Android_LauncherIcon72">
                    <Platform Name="Android">
                        <RemoteDir>res\drawable-hdpi</RemoteDir>
                        <Operation>1</Operation>
                    </Platform>
                    <Platform Name="Android64">
                        <RemoteDir>res\drawable-hdpi</RemoteDir>
                        <Operation>1</Operation>
                    </Platform>
                </DeployClass>
                <DeployClass Name="Android_LauncherIcon96">
                    <Platform Name="Android">
                        <RemoteDir>res\drawable-xhdpi</RemoteDir>
                        <Operation>1</Operation>
                    </Platform>
                    <Platform Name="Android64">
                        <RemoteDir>res\drawable-xhdpi</RemoteDir>
                        <Operation>1</Operation>
                    </Platform>
                </DeployClass>
                <DeployClass Name="Android_NotificationIcon24">
                    <Platform Name="Android">
                        <RemoteDir>res\drawable-mdpi</RemoteDir>
                        <Operation>1</Operation>
                    </Platform>
                    <Platform Name="Android64">
                        <RemoteDir>res\drawable-mdpi</RemoteDir>
                        <Operation>1</Operation>
                    </Platform>
                </DeployClass>
                <DeployClass Name="Android_NotificationIcon36">
                    <Platform Name="Android">
                        <RemoteDir>res\drawable-hdpi</RemoteDir>
                        <Operation>1</Operation>
                    </Platform>
                    <Platform Name="Android64">
                        <RemoteDir>res\drawable-hdpi</RemoteDir>
                        <Operation>1</Operation>
                    </Platform>
                </DeployClass>
                <DeployClass Name="Android_NotificationIcon48">
                    <Platform Name="Android">
                        <RemoteDir>res\drawable-xhdpi</RemoteDir>
                        <Operation>1</Operation>
                    </Platform>
                    <Platform Name="Android64">
                        <RemoteDir>res\drawable-xhdpi</RemoteDir>
                        <Operation>1</Operation>
                    </Platform>
                </DeployClass>
                <DeployClass Name="Android_NotificationIcon72">
                    <Platform Name="Android">
                        <RemoteDir>res\drawable-xxhdpi</RemoteDir>
                        <Operation>1</Operation>
                    </Platform>
                    <Platform Name="Android64">
                        <RemoteDir>res\drawable-xxhdpi</RemoteDir>
                        <Operation>1</Operation>
                    </Platform>
                </DeployClass>
                <DeployClass Name="Android_NotificationIcon96">
                    <Platform Name="Android">
                        <RemoteDir>res\drawable-xxxhdpi</RemoteDir>
                        <Operation>1</Operation>
                    </Platform>
                    <Platform Name="Android64">
                        <RemoteDir>res\drawable-xxxhdpi</RemoteDir>
                        <Operation>1</Operation>
                    </Platform>
                </DeployClass>
                <DeployClass Name="Android_SplashImage426">
                    <Platform Name="Android">
                        <RemoteDir>res\drawable-small</RemoteDir>
                        <Operation>1</Operation>
                    </Platform>
                    <Platform Name="Android64">
                        <RemoteDir>res\drawable-small</RemoteDir>
                        <Operation>1</Operation>
                    </Platform>
                </DeployClass>
                <DeployClass Name="Android_SplashImage470">
                    <Platform Name="Android">
                        <RemoteDir>res\drawable-normal</RemoteDir>
                        <Operation>1</Operation>
                    </Platform>
                    <Platform Name="Android64">
                        <RemoteDir>res\drawable-normal</RemoteDir>
                        <Operation>1</Operation>
                    </Platform>
                </DeployClass>
                <DeployClass Name="Android_SplashImage640">
                    <Platform Name="Android">
                        <RemoteDir>res\drawable-large</RemoteDir>
                        <Operation>1</Operation>
                    </Platform>
                    <Platform Name="Android64">
                        <RemoteDir>res\drawable-large</RemoteDir>
                        <Operation>1</Operation>
                    </Platform>
                </DeployClass>
                <DeployClass Name="Android_SplashImage960">
                    <Platform Name="Android">
                        <RemoteDir>res\drawable-xlarge</RemoteDir>
                        <Operation>1</Operation>
                    </Platform>
                    <Platform Name="Android64">
                        <RemoteDir>res\drawable-xlarge</RemoteDir>
                        <Operation>1</Operation>
                    </Platform>
                </DeployClass>
                <DeployClass Name="Android_Strings">
                    <Platform Name="Android">
                        <RemoteDir>res\values</RemoteDir>
                        <Operation>1</Operation>
                    </Platform>
                    <Platform Name="Android64">
                        <RemoteDir>res\values</RemoteDir>
                        <Operation>1</Operation>
                    </Platform>
                </DeployClass>
                <DeployClass Name="Android_VectorizedNotificationIcon">
                    <Platform Name="Android">
                        <RemoteDir>res\drawable-anydpi-v24</RemoteDir>
                        <Operation>1</Operation>
                    </Platform>
                    <Platform Name="Android64">
                        <RemoteDir>res\drawable-anydpi-v24</RemoteDir>
                        <Operation>1</Operation>
                    </Platform>
                </DeployClass>
                <DeployClass Name="Android_VectorizedSplash">
                    <Platform Name="Android">
                        <RemoteDir>res\drawable</RemoteDir>
                        <Operation>1</Operation>
                    </Platform>
                    <Platform Name="Android64">
                        <RemoteDir>res\drawable</RemoteDir>
                        <Operation>1</Operation>
                    </Platform>
                </DeployClass>
                <DeployClass Name="Android_VectorizedSplashDark">
                    <Platform Name="Android">
                        <RemoteDir>res\drawable-night-anydpi-v21</RemoteDir>
                        <Operation>1</Operation>
                    </Platform>
                    <Platform Name="Android64">
                        <RemoteDir>res\drawable-night-anydpi-v21</RemoteDir>
                        <Operation>1</Operation>
                    </Platform>
                </DeployClass>
                <DeployClass Name="Android_VectorizedSplashV31">
                    <Platform Name="Android">
                        <RemoteDir>res\drawable-anydpi-v31</RemoteDir>
                        <Operation>1</Operation>
                    </Platform>
                    <Platform Name="Android64">
                        <RemoteDir>res\drawable-anydpi-v31</RemoteDir>
                        <Operation>1</Operation>
                    </Platform>
                </DeployClass>
                <DeployClass Name="Android_VectorizedSplashV31Dark">
                    <Platform Name="Android">
                        <RemoteDir>res\drawable-night-anydpi-v31</RemoteDir>
                        <Operation>1</Operation>
                    </Platform>
                    <Platform Name="Android64">
                        <RemoteDir>res\drawable-night-anydpi-v31</RemoteDir>
                        <Operation>1</Operation>
                    </Platform>
                </DeployClass>
                <DeployClass Name="DebugSymbols">
                    <Platform Name="iOSSimulator">
                        <Operation>1</Operation>
                    </Platform>
                    <Platform Name="OSX32">
                        <RemoteDir>Contents\MacOS</RemoteDir>
                        <Operation>1</Operation>
                    </Platform>
                    <Platform Name="Win32">
                        <Operation>0</Operation>
                    </Platform>
                </DeployClass>
                <DeployClass Name="DependencyFramework">
                    <Platform Name="OSX32">
                        <RemoteDir>Contents\MacOS</RemoteDir>
                        <Operation>1</Operation>
                        <Extensions>.framework</Extensions>
                    </Platform>
                    <Platform Name="OSX64">
                        <RemoteDir>Contents\MacOS</RemoteDir>
                        <Operation>1</Operation>
                        <Extensions>.framework</Extensions>
                    </Platform>
                    <Platform Name="OSXARM64">
                        <RemoteDir>Contents\MacOS</RemoteDir>
                        <Operation>1</Operation>
                        <Extensions>.framework</Extensions>
                    </Platform>
                    <Platform Name="Win32">
                        <Operation>0</Operation>
                    </Platform>
                </DeployClass>
                <DeployClass Name="DependencyModule">
                    <Platform Name="iOSDevice32">
                        <Operation>1</Operation>
                        <Extensions>.dylib</Extensions>
                    </Platform>
                    <Platform Name="iOSDevice64">
                        <Operation>1</Operation>
                        <Extensions>.dylib</Extensions>
                    </Platform>
                    <Platform Name="iOSSimARM64">
                        <Operation>1</Operation>
                        <Extensions>.dylib</Extensions>
                    </Platform>
                    <Platform Name="OSX32">
                        <RemoteDir>Contents\MacOS</RemoteDir>
                        <Operation>1</Operation>
                        <Extensions>.dylib</Extensions>
                    </Platform>
                    <Platform Name="OSX64">
                        <RemoteDir>Contents\MacOS</RemoteDir>
                        <Operation>1</Operation>
                        <Extensions>.dylib</Extensions>
                    </Platform>
                    <Platform Name="OSXARM64">
                        <RemoteDir>Contents\MacOS</RemoteDir>
                        <Operation>1</Operation>
                        <Extensions>.dylib</Extensions>
                    </Platform>
                    <Platform Name="Win32">
                        <Operation>0</Operation>
                        <Extensions>.dll;.bpl</Extensions>
                    </Platform>
                </DeployClass>
                <DeployClass Required="true" Name="DependencyPackage">
                    <Platform Name="iOSDevice32">
                        <Operation>1</Operation>
                        <Extensions>.dylib</Extensions>
                    </Platform>
                    <Platform Name="iOSDevice64">
                        <Operation>1</Operation>
                        <Extensions>.dylib</Extensions>
                    </Platform>
                    <Platform Name="iOSSimARM64">
                        <Operation>1</Operation>
                        <Extensions>.dylib</Extensions>
                    </Platform>
                    <Platform Name="OSX32">
                        <RemoteDir>Contents\MacOS</RemoteDir>
                        <Operation>1</Operation>
                        <Extensions>.dylib</Extensions>
                    </Platform>
                    <Platform Name="OSX64">
                        <RemoteDir>Contents\MacOS</RemoteDir>
                        <Operation>1</Operation>
                        <Extensions>.dylib</Extensions>
                    </Platform>
                    <Platform Name="OSXARM64">
                        <RemoteDir>Contents\MacOS</RemoteDir>
                        <Operation>1</Operation>
                        <Extensions>.dylib</Extensions>
                    </Platform>
                    <Platform Name="Win32">
                        <Operation>0</Operation>
                        <Extensions>.bpl</Extensions>
                    </Platform>
                </DeployClass>
                <DeployClass Name="File">
                    <Platform Name="Android">
                        <Operation>0</Operation>
                    </Platform>
                    <Platform Name="Android64">
                        <Operation>0</Operation>
                    </Platform>
                    <Platform Name="iOSDevice32">
                        <Operation>0</Operation>
                    </Platform>
                    <Platform Name="iOSDevice64">
                        <Operation>0</Operation>
                    </Platform>
                    <Platform Name="iOSSimARM64">
                        <Operation>0</Operation>
                    </Platform>
                    <Platform Name="OSX32">
                        <RemoteDir>Contents\Resources\StartUp\</RemoteDir>
                        <Operation>0</Operation>
                    </Platform>
                    <Platform Name="OSX64">
                        <RemoteDir>Contents\Resources\StartUp\</RemoteDir>
                        <Operation>0</Operation>
                    </Platform>
                    <Platform Name="OSXARM64">
                        <RemoteDir>Contents\Resources\StartUp\</RemoteDir>
                        <Operation>0</Operation>
                    </Platform>
                    <Platform Name="Win32">
                        <Operation>0</Operation>
                    </Platform>
                </DeployClass>
                <DeployClass Name="ProjectAndroidManifest">
                    <Platform Name="Android">
                        <Operation>1</Operation>
                    </Platform>
                    <Platform Name="Android64">
                        <Operation>1</Operation>
                    </Platform>
                </DeployClass>
                <DeployClass Name="ProjectOSXDebug">
                    <Platform Name="OSX64">
                        <RemoteDir>..\$(PROJECTNAME).app.dSYM\Contents\Resources\DWARF</RemoteDir>
                        <Operation>1</Operation>
                    </Platform>
                    <Platform Name="OSXARM64">
                        <RemoteDir>..\$(PROJECTNAME).app.dSYM\Contents\Resources\DWARF</RemoteDir>
                        <Operation>1</Operation>
                    </Platform>
                </DeployClass>
                <DeployClass Name="ProjectOSXEntitlements">
                    <Platform Name="OSX32">
                        <RemoteDir>..\</RemoteDir>
                        <Operation>1</Operation>
                    </Platform>
                    <Platform Name="OSX64">
                        <RemoteDir>..\</RemoteDir>
                        <Operation>1</Operation>
                    </Platform>
                    <Platform Name="OSXARM64">
                        <RemoteDir>..\</RemoteDir>
                        <Operation>1</Operation>
                    </Platform>
                </DeployClass>
                <DeployClass Name="ProjectOSXInfoPList">
                    <Platform Name="OSX32">
                        <RemoteDir>Contents</RemoteDir>
                        <Operation>1</Operation>
                    </Platform>
                    <Platform Name="OSX64">
                        <RemoteDir>Contents</RemoteDir>
                        <Operation>1</Operation>
                    </Platform>
                    <Platform Name="OSXARM64">
                        <RemoteDir>Contents</RemoteDir>
                        <Operation>1</Operation>
                    </Platform>
                </DeployClass>
                <DeployClass Name="ProjectOSXResource">
                    <Platform Name="OSX32">
                        <RemoteDir>Contents\Resources</RemoteDir>
                        <Operation>1</Operation>
                    </Platform>
                    <Platform Name="OSX64">
                        <RemoteDir>Contents\Resources</RemoteDir>
                        <Operation>1</Operation>
                    </Platform>
                    <Platform Name="OSXARM64">
                        <RemoteDir>Contents\Resources</RemoteDir>
                        <Operation>1</Operation>
                    </Platform>
                </DeployClass>
                <DeployClass Required="true" Name="ProjectOutput">
                    <Platform Name="Android">
                        <RemoteDir>library\lib\armeabi-v7a</RemoteDir>
                        <Operation>1</Operation>
                    </Platform>
                    <Platform Name="Android64">
                        <RemoteDir>library\lib\arm64-v8a</RemoteDir>
                        <Operation>1</Operation>
                    </Platform>
                    <Platform Name="iOSDevice32">
                        <Operation>1</Operation>
                    </Platform>
                    <Platform Name="iOSDevice64">
                        <Operation>1</Operation>
                    </Platform>
                    <Platform Name="iOSSimARM64">
                        <Operation>1</Operation>
                    </Platform>
                    <Platform Name="Linux64">
                        <Operation>1</Operation>
                    </Platform>
                    <Platform Name="OSX32">
                        <RemoteDir>Contents\MacOS</RemoteDir>
                        <Operation>1</Operation>
                    </Platform>
                    <Platform Name="OSX64">
                        <RemoteDir>Contents\MacOS</RemoteDir>
                        <Operation>1</Operation>
                    </Platform>
                    <Platform Name="OSXARM64">
                        <RemoteDir>Contents\MacOS</RemoteDir>
                        <Operation>1</Operation>
                    </Platform>
                    <Platform Name="Win32">
                        <Operation>0</Operation>
                    </Platform>
                </DeployClass>
                <DeployClass Name="ProjectOutput_Android32">
                    <Platform Name="Android64">
                        <RemoteDir>library\lib\armeabi-v7a</RemoteDir>
                        <Operation>1</Operation>
                    </Platform>
                </DeployClass>
                <DeployClass Name="ProjectUWPManifest">
                    <Platform Name="Win32">
                        <Operation>1</Operation>
                    </Platform>
                    <Platform Name="Win64">
                        <Operation>1</Operation>
                    </Platform>
                    <Platform Name="Win64x">
                        <Operation>1</Operation>
                    </Platform>
                    <Platform Name="WinARM64EC">
                        <Operation>1</Operation>
                    </Platform>
                </DeployClass>
                <DeployClass Name="ProjectiOSDeviceDebug">
                    <Platform Name="iOSDevice32">
                        <RemoteDir>..\$(PROJECTNAME).app.dSYM\Contents\Resources\DWARF</RemoteDir>
                        <Operation>1</Operation>
                    </Platform>
                    <Platform Name="iOSDevice64">
                        <RemoteDir>..\$(PROJECTNAME).app.dSYM\Contents\Resources\DWARF</RemoteDir>
                        <Operation>1</Operation>
                    </Platform>
                    <Platform Name="iOSSimARM64">
                        <RemoteDir>..\$(PROJECTNAME).app.dSYM\Contents\Resources\DWARF</RemoteDir>
                        <Operation>1</Operation>
                    </Platform>
                </DeployClass>
                <DeployClass Name="ProjectiOSEntitlements">
                    <Platform Name="iOSDevice32">
                        <RemoteDir>..\</RemoteDir>
                        <Operation>1</Operation>
                    </Platform>
                    <Platform Name="iOSDevice64">
                        <RemoteDir>..\</RemoteDir>
                        <Operation>1</Operation>
                    </Platform>
                    <Platform Name="iOSSimARM64">
                        <RemoteDir>..\</RemoteDir>
                        <Operation>1</Operation>
                    </Platform>
                </DeployClass>
                <DeployClass Name="ProjectiOSInfoPList">
                    <Platform Name="iOSDevice32">
                        <Operation>1</Operation>
                    </Platform>
                    <Platform Name="iOSDevice64">
                        <Operation>1</Operation>
                    </Platform>
                    <Platform Name="iOSSimARM64">
                        <Operation>1</Operation>
                    </Platform>
                </DeployClass>
                <DeployClass Name="ProjectiOSLaunchScreen">
                    <Platform Name="iOSDevice64">
                        <RemoteDir>..\$(PROJECTNAME).launchscreen</RemoteDir>
                        <Operation>64</Operation>
                    </Platform>
                    <Platform Name="iOSSimARM64">
                        <RemoteDir>..\$(PROJECTNAME).launchscreen</RemoteDir>
                        <Operation>64</Operation>
                    </Platform>
                </DeployClass>
                <DeployClass Name="ProjectiOSResource">
                    <Platform Name="iOSDevice32">
                        <Operation>1</Operation>
                    </Platform>
                    <Platform Name="iOSDevice64">
                        <Operation>1</Operation>
                    </Platform>
                    <Platform Name="iOSSimARM64">
                        <Operation>1</Operation>
                    </Platform>
                </DeployClass>
                <DeployClass Name="UWP_DelphiLogo150">
                    <Platform Name="Win32">
                        <RemoteDir>Assets</RemoteDir>
                        <Operation>1</Operation>
                    </Platform>
                    <Platform Name="Win64">
                        <RemoteDir>Assets</RemoteDir>
                        <Operation>1</Operation>
                    </Platform>
                    <Platform Name="WinARM64EC">
                        <RemoteDir>Assets</RemoteDir>
                        <Operation>1</Operation>
                    </Platform>
                </DeployClass>
                <DeployClass Name="UWP_DelphiLogo44">
                    <Platform Name="Win32">
                        <RemoteDir>Assets</RemoteDir>
                        <Operation>1</Operation>
                    </Platform>
                    <Platform Name="Win64">
                        <RemoteDir>Assets</RemoteDir>
                        <Operation>1</Operation>
                    </Platform>
                    <Platform Name="WinARM64EC">
                        <RemoteDir>Assets</RemoteDir>
                        <Operation>1</Operation>
                    </Platform>
                </DeployClass>
                <DeployClass Name="iOS_AppStore1024">
                    <Platform Name="iOSDevice64">
                        <RemoteDir>..\$(PROJECTNAME).launchscreen\Assets\AppIcon.appiconset</RemoteDir>
                        <Operation>1</Operation>
                    </Platform>
                    <Platform Name="iOSSimARM64">
                        <RemoteDir>..\$(PROJECTNAME).launchscreen\Assets\AppIcon.appiconset</RemoteDir>
                        <Operation>1</Operation>
                    </Platform>
                </DeployClass>
                <DeployClass Name="iPad_AppIcon152">
                    <Platform Name="iOSDevice64">
                        <RemoteDir>..\$(PROJECTNAME).launchscreen\Assets\AppIcon.appiconset</RemoteDir>
                        <Operation>1</Operation>
                    </Platform>
                    <Platform Name="iOSSimARM64">
                        <RemoteDir>..\$(PROJECTNAME).launchscreen\Assets\AppIcon.appiconset</RemoteDir>
                        <Operation>1</Operation>
                    </Platform>
                </DeployClass>
                <DeployClass Name="iPad_AppIcon167">
                    <Platform Name="iOSDevice64">
                        <RemoteDir>..\$(PROJECTNAME).launchscreen\Assets\AppIcon.appiconset</RemoteDir>
                        <Operation>1</Operation>
                    </Platform>
                    <Platform Name="iOSSimARM64">
                        <RemoteDir>..\$(PROJECTNAME).launchscreen\Assets\AppIcon.appiconset</RemoteDir>
                        <Operation>1</Operation>
                    </Platform>
                </DeployClass>
                <DeployClass Name="iPad_Launch2x">
                    <Platform Name="iOSDevice64">
                        <RemoteDir>..\$(PROJECTNAME).launchscreen\Assets\LaunchScreenImage.imageset</RemoteDir>
                        <Operation>1</Operation>
                    </Platform>
                    <Platform Name="iOSSimARM64">
                        <RemoteDir>..\$(PROJECTNAME).launchscreen\Assets\LaunchScreenImage.imageset</RemoteDir>
                        <Operation>1</Operation>
                    </Platform>
                </DeployClass>
                <DeployClass Name="iPad_LaunchDark2x">
                    <Platform Name="iOSDevice64">
                        <RemoteDir>..\$(PROJECTNAME).launchscreen\Assets\LaunchScreenImage.imageset</RemoteDir>
                        <Operation>1</Operation>
                    </Platform>
                    <Platform Name="iOSSimARM64">
                        <RemoteDir>..\$(PROJECTNAME).launchscreen\Assets\LaunchScreenImage.imageset</RemoteDir>
                        <Operation>1</Operation>
                    </Platform>
                </DeployClass>
                <DeployClass Name="iPad_Notification40">
                    <Platform Name="iOSDevice64">
                        <RemoteDir>..\$(PROJECTNAME).launchscreen\Assets\AppIcon.appiconset</RemoteDir>
                        <Operation>1</Operation>
                    </Platform>
                    <Platform Name="iOSSimARM64">
                        <RemoteDir>..\$(PROJECTNAME).launchscreen\Assets\AppIcon.appiconset</RemoteDir>
                        <Operation>1</Operation>
                    </Platform>
                </DeployClass>
                <DeployClass Name="iPad_Setting58">
                    <Platform Name="iOSDevice64">
                        <RemoteDir>..\$(PROJECTNAME).launchscreen\Assets\AppIcon.appiconset</RemoteDir>
                        <Operation>1</Operation>
                    </Platform>
                    <Platform Name="iOSSimARM64">
                        <RemoteDir>..\$(PROJECTNAME).launchscreen\Assets\AppIcon.appiconset</RemoteDir>
                        <Operation>1</Operation>
                    </Platform>
                </DeployClass>
                <DeployClass Name="iPad_SpotLight80">
                    <Platform Name="iOSDevice64">
                        <RemoteDir>..\$(PROJECTNAME).launchscreen\Assets\AppIcon.appiconset</RemoteDir>
                        <Operation>1</Operation>
                    </Platform>
                    <Platform Name="iOSSimARM64">
                        <RemoteDir>..\$(PROJECTNAME).launchscreen\Assets\AppIcon.appiconset</RemoteDir>
                        <Operation>1</Operation>
                    </Platform>
                </DeployClass>
                <DeployClass Name="iPhone_AppIcon120">
                    <Platform Name="iOSDevice64">
                        <RemoteDir>..\$(PROJECTNAME).launchscreen\Assets\AppIcon.appiconset</RemoteDir>
                        <Operation>1</Operation>
                    </Platform>
                    <Platform Name="iOSSimARM64">
                        <RemoteDir>..\$(PROJECTNAME).launchscreen\Assets\AppIcon.appiconset</RemoteDir>
                        <Operation>1</Operation>
                    </Platform>
                </DeployClass>
                <DeployClass Name="iPhone_AppIcon180">
                    <Platform Name="iOSDevice64">
                        <RemoteDir>..\$(PROJECTNAME).launchscreen\Assets\AppIcon.appiconset</RemoteDir>
                        <Operation>1</Operation>
                    </Platform>
                    <Platform Name="iOSSimARM64">
                        <RemoteDir>..\$(PROJECTNAME).launchscreen\Assets\AppIcon.appiconset</RemoteDir>
                        <Operation>1</Operation>
                    </Platform>
                </DeployClass>
                <DeployClass Name="iPhone_Launch2x">
                    <Platform Name="iOSDevice64">
                        <RemoteDir>..\$(PROJECTNAME).launchscreen\Assets\LaunchScreenImage.imageset</RemoteDir>
                        <Operation>1</Operation>
                    </Platform>
                    <Platform Name="iOSSimARM64">
                        <RemoteDir>..\$(PROJECTNAME).launchscreen\Assets\LaunchScreenImage.imageset</RemoteDir>
                        <Operation>1</Operation>
                    </Platform>
                </DeployClass>
                <DeployClass Name="iPhone_Launch3x">
                    <Platform Name="iOSDevice64">
                        <RemoteDir>..\$(PROJECTNAME).launchscreen\Assets\LaunchScreenImage.imageset</RemoteDir>
                        <Operation>1</Operation>
                    </Platform>
                    <Platform Name="iOSSimARM64">
                        <RemoteDir>..\$(PROJECTNAME).launchscreen\Assets\LaunchScreenImage.imageset</RemoteDir>
                        <Operation>1</Operation>
                    </Platform>
                </DeployClass>
                <DeployClass Name="iPhone_LaunchDark2x">
                    <Platform Name="iOSDevice64">
                        <RemoteDir>..\$(PROJECTNAME).launchscreen\Assets\LaunchScreenImage.imageset</RemoteDir>
                        <Operation>1</Operation>
                    </Platform>
                    <Platform Name="iOSSimARM64">
                        <RemoteDir>..\$(PROJECTNAME).launchscreen\Assets\LaunchScreenImage.imageset</RemoteDir>
                        <Operation>1</Operation>
                    </Platform>
                </DeployClass>
                <DeployClass Name="iPhone_LaunchDark3x">
                    <Platform Name="iOSDevice64">
                        <RemoteDir>..\$(PROJECTNAME).launchscreen\Assets\LaunchScreenImage.imageset</RemoteDir>
                        <Operation>1</Operation>
                    </Platform>
                    <Platform Name="iOSSimARM64">
                        <RemoteDir>..\$(PROJECTNAME).launchscreen\Assets\LaunchScreenImage.imageset</RemoteDir>
                        <Operation>1</Operation>
                    </Platform>
                </DeployClass>
                <DeployClass Name="iPhone_Notification40">
                    <Platform Name="iOSDevice64">
                        <RemoteDir>..\$(PROJECTNAME).launchscreen\Assets\AppIcon.appiconset</RemoteDir>
                        <Operation>1</Operation>
                    </Platform>
                    <Platform Name="iOSSimARM64">
                        <RemoteDir>..\$(PROJECTNAME).launchscreen\Assets\AppIcon.appiconset</RemoteDir>
                        <Operation>1</Operation>
                    </Platform>
                </DeployClass>
                <DeployClass Name="iPhone_Notification60">
                    <Platform Name="iOSDevice64">
                        <RemoteDir>..\$(PROJECTNAME).launchscreen\Assets\AppIcon.appiconset</RemoteDir>
                        <Operation>1</Operation>
                    </Platform>
                    <Platform Name="iOSSimARM64">
                        <RemoteDir>..\$(PROJECTNAME).launchscreen\Assets\AppIcon.appiconset</RemoteDir>
                        <Operation>1</Operation>
                    </Platform>
                </DeployClass>
                <DeployClass Name="iPhone_Setting58">
                    <Platform Name="iOSDevice64">
                        <RemoteDir>..\$(PROJECTNAME).launchscreen\Assets\AppIcon.appiconset</RemoteDir>
                        <Operation>1</Operation>
                    </Platform>
                    <Platform Name="iOSSimARM64">
                        <RemoteDir>..\$(PROJECTNAME).launchscreen\Assets\AppIcon.appiconset</RemoteDir>
                        <Operation>1</Operation>
                    </Platform>
                </DeployClass>
                <DeployClass Name="iPhone_Setting87">
                    <Platform Name="iOSDevice64">
                        <RemoteDir>..\$(PROJECTNAME).launchscreen\Assets\AppIcon.appiconset</RemoteDir>
                        <Operation>1</Operation>
                    </Platform>
                    <Platform Name="iOSSimARM64">
                        <RemoteDir>..\$(PROJECTNAME).launchscreen\Assets\AppIcon.appiconset</RemoteDir>
                        <Operation>1</Operation>
                    </Platform>
                </DeployClass>
                <DeployClass Name="iPhone_Spotlight120">
                    <Platform Name="iOSDevice64">
                        <RemoteDir>..\$(PROJECTNAME).launchscreen\Assets\AppIcon.appiconset</RemoteDir>
                        <Operation>1</Operation>
                    </Platform>
                    <Platform Name="iOSSimARM64">
                        <RemoteDir>..\$(PROJECTNAME).launchscreen\Assets\AppIcon.appiconset</RemoteDir>
                        <Operation>1</Operation>
                    </Platform>
                </DeployClass>
                <DeployClass Name="iPhone_Spotlight80">
                    <Platform Name="iOSDevice64">
                        <RemoteDir>..\$(PROJECTNAME).launchscreen\Assets\AppIcon.appiconset</RemoteDir>
                        <Operation>1</Operation>
                    </Platform>
                    <Platform Name="iOSSimARM64">
                        <RemoteDir>..\$(PROJECTNAME).launchscreen\Assets\AppIcon.appiconset</RemoteDir>
                        <Operation>1</Operation>
                    </Platform>
                </DeployClass>
                <ProjectRoot Platform="Android" Name="$(PROJECTNAME)"/>
                <ProjectRoot Platform="Android64" Name="$(PROJECTNAME)"/>
                <ProjectRoot Platform="iOSDevice32" Name="$(PROJECTNAME).app"/>
                <ProjectRoot Platform="iOSDevice64" Name="$(PROJECTNAME).app"/>
                <ProjectRoot Platform="iOSSimARM64" Name="$(PROJECTNAME).app"/>
                <ProjectRoot Platform="Linux64" Name="$(PROJECTNAME)"/>
                <ProjectRoot Platform="OSX32" Name="$(PROJECTNAME).app"/>
                <ProjectRoot Platform="OSX64" Name="$(PROJECTNAME).app"/>
                <ProjectRoot Platform="OSXARM64" Name="$(PROJECTNAME).app"/>
                <ProjectRoot Platform="Win32" Name="$(PROJECTNAME)"/>
                <ProjectRoot Platform="Win64" Name="$(PROJECTNAME)"/>
                <ProjectRoot Platform="Win64x" Name="$(PROJECTNAME)"/>
                <ProjectRoot Platform="WinARM64EC" Name="$(PROJECTNAME)"/>
            </Deployment>
            <Platforms>
                <Platform value="Win32">True</Platform>
                <Platform value="Win64">True</Platform>
            </Platforms>
        </BorlandProject>
        <ProjectFileVersion>12</ProjectFileVersion>
    </ProjectExtensions>
    <Import Project="$(BDS)\Bin\CodeGear.Delphi.Targets" Condition="Exists('$(BDS)\Bin\CodeGear.Delphi.Targets')"/>
    <Import Project="$(APPDATA)\Embarcadero\$(BDSAPPDATABASEDIR)\$(PRODUCTVERSION)\UserTools.proj" Condition="Exists('$(APPDATA)\Embarcadero\$(BDSAPPDATABASEDIR)\$(PRODUCTVERSION)\UserTools.proj')"/>
    <Import Project="$(MSBuildProjectName).deployproj" Condition="Exists('$(MSBuildProjectName).deployproj')"/>
</Project>
