
Microsoft Visual Studio Solution File, Format Version 12.00
# Visual Studio Version 17
VisualStudioVersion = 17.0.31903.59
MinimumVisualStudioVersion = 10.0.40219.1
Project("{F184B08F-C81C-45F6-A57F-5ABD9991F28F}") = "ApiHubTool.Bindings", "ApiHubTool.Bindings\ApiHubTool.Bindings.vbproj", "{A1B2C3D4-E5F6-7890-1234-567890ABCDEF}"
EndProject
Project("{F184B08F-C81C-45F6-A57F-5ABD9991F28F}") = "HelloWorld", "HelloWorld\HelloWorld.vbproj", "{B2C3D4E5-F6A7-8901-2345-67890ABCDEF1}"
EndProject
Project("{F184B08F-C81C-45F6-A57F-5ABD9991F28F}") = "Service", "Service\Service.vbproj", "{C3D4E5F6-A7B8-9012-3456-7890ABCDEF12}"
EndProject
Project("{F184B08F-C81C-45F6-A57F-5ABD9991F28F}") = "Client", "Client\Client.vbproj", "{D4E5F6A7-B8C9-0123-4567-890ABCDEF123}"
EndProject
Project("{F184B08F-C81C-45F6-A57F-5ABD9991F28F}") = "FuncService", "FuncService\FuncService.vbproj", "{766B2BC2-E61B-1B10-0C41-D5E444040E62}"
EndProject
Project("{F184B08F-C81C-45F6-A57F-5ABD9991F28F}") = "FuncClient", "FuncClient\FuncClient.vbproj", "{18AF906B-07E9-9D8D-D65A-20C300C5139D}"
EndProject
Project("{F184B08F-C81C-45F6-A57F-5ABD9991F28F}") = "CrossService", "CrossService\CrossService.vbproj", "{B20FAD5A-880F-4231-9755-28CD5C00175E}"
EndProject
Project("{F184B08F-C81C-45F6-A57F-5ABD9991F28F}") = "CrossNode", "CrossNode\CrossNode.vbproj", "{BAF13993-3C58-4DC8-9EE9-2D19DBF109B8}"
EndProject
Project("{F184B08F-C81C-45F6-A57F-5ABD9991F28F}") = "CrossCall", "CrossCall\CrossCall.vbproj", "{02E5E776-2DC4-4E17-9213-2795BC2991DB}"
EndProject
Project("{F184B08F-C81C-45F6-A57F-5ABD9991F28F}") = "CrossNodeUI", "CrossNodeUI\CrossNodeUI.vbproj", "{D0F748CD-78B4-0C60-F58F-1E1700FB92DC}"
EndProject
Global
	GlobalSection(SolutionConfigurationPlatforms) = preSolution
		Debug|Any CPU = Debug|Any CPU
		Release|Any CPU = Release|Any CPU
	EndGlobalSection
	GlobalSection(ProjectConfigurationPlatforms) = postSolution
		{A1B2C3D4-E5F6-7890-1234-567890ABCDEF}.Debug|Any CPU.ActiveCfg = Debug|Any CPU
		{A1B2C3D4-E5F6-7890-1234-567890ABCDEF}.Debug|Any CPU.Build.0 = Debug|Any CPU
		{A1B2C3D4-E5F6-7890-1234-567890ABCDEF}.Release|Any CPU.ActiveCfg = Release|Any CPU
		{A1B2C3D4-E5F6-7890-1234-567890ABCDEF}.Release|Any CPU.Build.0 = Release|Any CPU
		{B2C3D4E5-F6A7-8901-2345-67890ABCDEF1}.Debug|Any CPU.ActiveCfg = Debug|Any CPU
		{B2C3D4E5-F6A7-8901-2345-67890ABCDEF1}.Debug|Any CPU.Build.0 = Debug|Any CPU
		{B2C3D4E5-F6A7-8901-2345-67890ABCDEF1}.Release|Any CPU.ActiveCfg = Release|Any CPU
		{B2C3D4E5-F6A7-8901-2345-67890ABCDEF1}.Release|Any CPU.Build.0 = Release|Any CPU
		{C3D4E5F6-A7B8-9012-3456-7890ABCDEF12}.Debug|Any CPU.ActiveCfg = Debug|Any CPU
		{C3D4E5F6-A7B8-9012-3456-7890ABCDEF12}.Debug|Any CPU.Build.0 = Debug|Any CPU
		{C3D4E5F6-A7B8-9012-3456-7890ABCDEF12}.Release|Any CPU.ActiveCfg = Release|Any CPU
		{C3D4E5F6-A7B8-9012-3456-7890ABCDEF12}.Release|Any CPU.Build.0 = Release|Any CPU
		{D4E5F6A7-B8C9-0123-4567-890ABCDEF123}.Debug|Any CPU.ActiveCfg = Debug|Any CPU
		{D4E5F6A7-B8C9-0123-4567-890ABCDEF123}.Debug|Any CPU.Build.0 = Debug|Any CPU
		{D4E5F6A7-B8C9-0123-4567-890ABCDEF123}.Release|Any CPU.ActiveCfg = Release|Any CPU
		{D4E5F6A7-B8C9-0123-4567-890ABCDEF123}.Release|Any CPU.Build.0 = Release|Any CPU
		{766B2BC2-E61B-1B10-0C41-D5E444040E62}.Debug|Any CPU.ActiveCfg = Debug|Any CPU
		{766B2BC2-E61B-1B10-0C41-D5E444040E62}.Debug|Any CPU.Build.0 = Debug|Any CPU
		{766B2BC2-E61B-1B10-0C41-D5E444040E62}.Release|Any CPU.ActiveCfg = Release|Any CPU
		{766B2BC2-E61B-1B10-0C41-D5E444040E62}.Release|Any CPU.Build.0 = Release|Any CPU
		{18AF906B-07E9-9D8D-D65A-20C300C5139D}.Debug|Any CPU.ActiveCfg = Debug|Any CPU
		{18AF906B-07E9-9D8D-D65A-20C300C5139D}.Debug|Any CPU.Build.0 = Debug|Any CPU
		{18AF906B-07E9-9D8D-D65A-20C300C5139D}.Release|Any CPU.ActiveCfg = Release|Any CPU
		{18AF906B-07E9-9D8D-D65A-20C300C5139D}.Release|Any CPU.Build.0 = Release|Any CPU
		{B20FAD5A-880F-4231-9755-28CD5C00175E}.Debug|Any CPU.ActiveCfg = Debug|Any CPU
		{B20FAD5A-880F-4231-9755-28CD5C00175E}.Debug|Any CPU.Build.0 = Debug|Any CPU
		{B20FAD5A-880F-4231-9755-28CD5C00175E}.Release|Any CPU.ActiveCfg = Release|Any CPU
		{B20FAD5A-880F-4231-9755-28CD5C00175E}.Release|Any CPU.Build.0 = Release|Any CPU
		{BAF13993-3C58-4DC8-9EE9-2D19DBF109B8}.Debug|Any CPU.ActiveCfg = Debug|Any CPU
		{BAF13993-3C58-4DC8-9EE9-2D19DBF109B8}.Debug|Any CPU.Build.0 = Debug|Any CPU
		{BAF13993-3C58-4DC8-9EE9-2D19DBF109B8}.Release|Any CPU.ActiveCfg = Release|Any CPU
		{BAF13993-3C58-4DC8-9EE9-2D19DBF109B8}.Release|Any CPU.Build.0 = Release|Any CPU
		{02E5E776-2DC4-4E17-9213-2795BC2991DB}.Debug|Any CPU.ActiveCfg = Debug|Any CPU
		{02E5E776-2DC4-4E17-9213-2795BC2991DB}.Debug|Any CPU.Build.0 = Debug|Any CPU
		{02E5E776-2DC4-4E17-9213-2795BC2991DB}.Release|Any CPU.ActiveCfg = Release|Any CPU
		{02E5E776-2DC4-4E17-9213-2795BC2991DB}.Release|Any CPU.Build.0 = Release|Any CPU
		{D0F748CD-78B4-0C60-F58F-1E1700FB92DC}.Debug|Any CPU.ActiveCfg = Debug|Any CPU
		{D0F748CD-78B4-0C60-F58F-1E1700FB92DC}.Debug|Any CPU.Build.0 = Debug|Any CPU
		{D0F748CD-78B4-0C60-F58F-1E1700FB92DC}.Release|Any CPU.ActiveCfg = Release|Any CPU
		{D0F748CD-78B4-0C60-F58F-1E1700FB92DC}.Release|Any CPU.Build.0 = Release|Any CPU
	EndGlobalSection
	GlobalSection(SolutionProperties) = preSolution
		HideSolutionNode = FALSE
	EndGlobalSection
	GlobalSection(ExtensibilityGlobals) = postSolution
		SolutionGuid = {B1808431-9E8F-4A2D-B4A4-C82DC2409B02}
	EndGlobalSection
EndGlobal
